# THIS IS AN AUTOGENERATED FILE. DO NOT EDIT THIS FILE DIRECTLY.
# yarn lockfile v1


"@tiptap/extension-placeholder@^2.0.3":
  version "2.0.3"
  resolved "https://registry.yarnpkg.com/@tiptap/extension-placeholder/-/extension-placeholder-2.0.3.tgz#69575353f09fc7524c9cdbfbf16c04f73c29d154"
  integrity sha512-Z42jo0termRAf0S0L8oxrts94IWX5waU4isS2CUw8xCUigYyCFslkhQXkWATO1qRbjNFLKN2C9qvCgGf4UeBrw==
